
Microsoft Visual Studio Solution File, Format Version 12.00
# Visual Studio 2013
VisualStudioVersion = 12.0.31101.0
MinimumVisualStudioVersion = 10.0.40219.1
Project("{FAE04EC0-301F-11D3-BF4B-00C04F79EFBC}") = "VTH.UI", "VTH.UI\VTH.UI.csproj", "{4D48FF0C-5302-404E-A9C1-0B4300D9B1DC}"
EndProject
Project("{FAE04EC0-301F-11D3-BF4B-00C04F79EFBC}") = "VTH.Logic", "VTH.Logic\VTH.Logic.csproj", "{AEA89CBB-C6CC-41E0-B995-B4B1B1439D95}"
EndProject
Global
	GlobalSection(SolutionConfigurationPlatforms) = preSolution
		Debug|Any CPU = Debug|Any CPU
		Release|Any CPU = Release|Any CPU
	EndGlobalSection
	GlobalSection(ProjectConfigurationPlatforms) = postSolution
		{4D48FF0C-5302-404E-A9C1-0B4300D9B1DC}.Debug|Any CPU.ActiveCfg = Debug|Any CPU
		{4D48FF0C-5302-404E-A9C1-0B4300D9B1DC}.Debug|Any CPU.Build.0 = Debug|Any CPU
		{4D48FF0C-5302-404E-A9C1-0B4300D9B1DC}.Release|Any CPU.ActiveCfg = Release|Any CPU
		{4D48FF0C-5302-404E-A9C1-0B4300D9B1DC}.Release|Any CPU.Build.0 = Release|Any CPU
		{AEA89CBB-C6CC-41E0-B995-B4B1B1439D95}.Debug|Any CPU.ActiveCfg = Debug|Any CPU
		{AEA89CBB-C6CC-41E0-B995-B4B1B1439D95}.Debug|Any CPU.Build.0 = Debug|Any CPU
		{AEA89CBB-C6CC-41E0-B995-B4B1B1439D95}.Release|Any CPU.ActiveCfg = Release|Any CPU
		{AEA89CBB-C6CC-41E0-B995-B4B1B1439D95}.Release|Any CPU.Build.0 = Release|Any CPU
	EndGlobalSection
	GlobalSection(SolutionProperties) = preSolution
		HideSolutionNode = FALSE
	EndGlobalSection
EndGlobal
